
Microsoft Visual Studio Solution File, Format Version 12.00
# Visual Studio Version 17
VisualStudioVersion = 17.12.35707.178 d17.12
MinimumVisualStudioVersion = 10.0.40219.1
Project("{FAE04EC0-301F-11D3-BF4B-00C04F79EFBC}") = "Smilies", "Smilies.csproj", "{E70AF7D6-7E02-4005-8005-4104FC6DF931}"
EndProject
Global
	GlobalSection(SolutionConfigurationPlatforms) = preSolution
		Debug|Any CPU = Debug|Any CPU
		Release|Any CPU = Release|Any CPU
	EndGlobalSection
	GlobalSection(ProjectConfigurationPlatforms) = postSolution
		{E70AF7D6-7E02-4005-8005-4104FC6DF931}.Debug|Any CPU.ActiveCfg = Debug|Any CPU
		{E70AF7D6-7E02-4005-8005-4104FC6DF931}.Debug|Any CPU.Build.0 = Debug|Any CPU
		{E70AF7D6-7E02-4005-8005-4104FC6DF931}.Release|Any CPU.ActiveCfg = Release|Any CPU
		{E70AF7D6-7E02-4005-8005-4104FC6DF931}.Release|Any CPU.Build.0 = Release|Any CPU
	EndGlobalSection
	GlobalSection(SolutionProperties) = preSolution
		HideSolutionNode = FALSE
	EndGlobalSection
EndGlobal
